lockfileVersion: 5.3

specifiers:
  minify: ^8.0.3

dependencies:
  minify: 8.0.3

packages:

  /buffer-from/1.1.2:
    resolution: {integrity: sha512-E+XQCRwSbaaiChtv6k6Dwgc+bx+Bs6vuKJHHl5kox/BaKbhiXzqQOwK4cO22yElGp2OCmjwVhT3HmxgyPGnJfQ==}
    dev: false

  /camel-case/4.1.2:
    resolution: {integrity: sha512-gxGWBrTT1JuMx6R+o5PTXMmUnhnVzLQ9SNutD4YqKtI6ap897t3tKECYla6gCWEkplXnlNybEkZg9GEGxKFCgw==}
    dependencies:
      pascal-case: 3.1.2
      tslib: 2.3.1
    dev: false

  /clean-css/5.2.2:
    resolution: {integrity: sha512-/eR8ru5zyxKzpBLv9YZvMXgTSSQn7AdkMItMYynsFgGwTveCRVam9IUPFloE85B4vAIj05IuKmmEoV7/AQjT0w==}
    engines: {node: '>= 10.0'}
    dependencies:
      source-map: 0.6.1
    dev: false

  /commander/2.20.3:
    resolution: {integrity: sha512-GpVkmM8vF2vQUkj2LvZmD35JxeJOLCwJ9cUkugyk2nuhbv3+mJvpLYYt+0+USMxE+oj+ey/lJEnhZw75x/OMcQ==}
    dev: false

  /commander/8.3.0:
    resolution: {integrity: sha512-OkTL9umf+He2DZkUq8f8J9of7yL6RJKI24dVITBmNfZBmri9zYZQrKkuXiKhyfPSu8tUhnVBB1iKXevvnlR4Ww==}
    engines: {node: '>= 12'}
    dev: false

  /css-b64-images/0.2.5:
    resolution: {integrity: sha1-QgBdgyBLK0pdk7axpWRBM7WSegI=}
    hasBin: true
    dev: false

  /debug/4.3.3:
    resolution: {integrity: sha512-/zxw5+vh1Tfv+4Qn7a5nsbcJKPaSvCDhojn6FEl9vupwK2VCSDtEiEtqr8DFtzYFOdz63LBkxec7DYuc2jon6Q==}
    engines: {node: '>=6.0'}
    peerDependencies:
      supports-color: '*'
    peerDependenciesMeta:
      supports-color:
        optional: true
    dependencies:
      ms: 2.1.2
    dev: false

  /dot-case/3.0.4:
    resolution: {integrity: sha512-Kv5nKlh6yRrdrGvxeJ2e5y2eRUpkUosIW4A2AS38zwSz27zu7ufDwQPi5Jhs3XAlGNetl3bmnGhQsMtkKJnj3w==}
    dependencies:
      no-case: 3.0.4
      tslib: 2.3.1
    dev: false

  /find-up/6.2.0:
    resolution: {integrity: sha512-yWHzMzXCaFoABSnFTCPKNFlYoq4mSga9QLRRKOCLSJ33hSkzROB14ITbAWW0QDQDyuzsPQ33S1DsOWQb/oW1yA==}
    engines: {node: ^12.20.0 || ^14.13.1 || >=16.0.0}
    dependencies:
      locate-path: 7.0.0
      path-exists: 5.0.0
    dev: false

  /he/1.2.0:
    resolution: {integrity: sha512-F/1DnUGPopORZi0ni+CvrCgHQ5FyEAHRLSApuYWMmrbSwoN2Mn/7k+Gl38gJnR7yyDZk6WLXwiGod1JOWNDKGw==}
    hasBin: true
    dev: false

  /html-minifier-terser/6.1.0:
    resolution: {integrity: sha512-YXxSlJBZTP7RS3tWnQw74ooKa6L9b9i9QYXY21eUEvhZ3u9XLfv6OnFsQq6RxkhHygsaUMvYsZRV5rU/OVNZxw==}
    engines: {node: '>=12'}
    hasBin: true
    dependencies:
      camel-case: 4.1.2
      clean-css: 5.2.2
      commander: 8.3.0
      he: 1.2.0
      param-case: 3.0.4
      relateurl: 0.2.7
      terser: 5.10.0
    transitivePeerDependencies:
      - acorn
    dev: false

  /jju/1.4.0:
    resolution: {integrity: sha1-o6vicYryQaKykE+EpiWXDzia4yo=}
    dev: false

  /locate-path/7.0.0:
    resolution: {integrity: sha512-+cg2yXqDUKfo4hsFxwa3G1cBJeA+gs1vD8FyV9/odWoUlQe/4syxHQ5DPtKjtfm6gnKbZzjCqzX03kXosvZB1w==}
    engines: {node: ^12.20.0 || ^14.13.1 || >=16.0.0}
    dependencies:
      p-locate: 6.0.0
    dev: false

  /lower-case/2.0.2:
    resolution: {integrity: sha512-7fm3l3NAF9WfN6W3JOmf5drwpVqX78JtoGJ3A6W0a6ZnldM41w2fV5D490psKFTpMds8TJse/eHLFFsNHHjHgg==}
    dependencies:
      tslib: 2.3.1
    dev: false

  /minify/8.0.3:
    resolution: {integrity: sha512-ULGYQLO0YmRzVsJEN5sMd6/VFTOWXFjk64DEPMgoItjFBglgosL1fT/9OrSNMQDB2Zz/fHOeip/eH84gK4Xr+w==}
    engines: {node: '>=14'}
    hasBin: true
    dependencies:
      clean-css: 5.2.2
      css-b64-images: 0.2.5
      debug: 4.3.3
      find-up: 6.2.0
      html-minifier-terser: 6.1.0
      readjson: 2.2.2
      simport: 1.2.0
      terser: 5.10.0
      try-catch: 3.0.0
      try-to-catch: 3.0.0
    transitivePeerDependencies:
      - acorn
      - supports-color
    dev: false

  /ms/2.1.2:
    resolution: {integrity: sha512-sGkPx+VjMtmA6MX27oA4FBFELFCZZ4S4XqeGOXCv68tT+jb3vk/RyaKWP0PTKyWtmLSM0b+adUTEvbs1PEaH2w==}
    dev: false

  /no-case/3.0.4:
    resolution: {integrity: sha512-fgAN3jGAh+RoxUGZHTSOLJIqUc2wmoBwGR4tbpNAKmmovFoWq0OdRkb0VkldReO2a2iBT/OEulG9XSUc10r3zg==}
    dependencies:
      lower-case: 2.0.2
      tslib: 2.3.1
    dev: false

  /p-limit/4.0.0:
    resolution: {integrity: sha512-5b0R4txpzjPWVw/cXXUResoD4hb6U/x9BH08L7nw+GN1sezDzPdxeRvpc9c433fZhBan/wusjbCsqwqm4EIBIQ==}
    engines: {node: ^12.20.0 || ^14.13.1 || >=16.0.0}
    dependencies:
      yocto-queue: 1.0.0
    dev: false

  /p-locate/6.0.0:
    resolution: {integrity: sha512-wPrq66Llhl7/4AGC6I+cqxT07LhXvWL08LNXz1fENOw0Ap4sRZZ/gZpTTJ5jpurzzzfS2W/Ge9BY3LgLjCShcw==}
    engines: {node: ^12.20.0 || ^14.13.1 || >=16.0.0}
    dependencies:
      p-limit: 4.0.0
    dev: false

  /param-case/3.0.4:
    resolution: {integrity: sha512-RXlj7zCYokReqWpOPH9oYivUzLYZ5vAPIfEmCTNViosC78F8F0H9y7T7gG2M39ymgutxF5gcFEsyZQSph9Bp3A==}
    dependencies:
      dot-case: 3.0.4
      tslib: 2.3.1
    dev: false

  /pascal-case/3.1.2:
    resolution: {integrity: sha512-uWlGT3YSnK9x3BQJaOdcZwrnV6hPpd8jFH1/ucpiLRPh/2zCVJKS19E4GvYHvaCcACn3foXZ0cLB9Wrx1KGe5g==}
    dependencies:
      no-case: 3.0.4
      tslib: 2.3.1
    dev: false

  /path-exists/5.0.0:
    resolution: {integrity: sha512-RjhtfwJOxzcFmNOi6ltcbcu4Iu+FL3zEj83dk4kAS+fVpTxXLO1b38RvJgT/0QwvV/L3aY9TAnyv0EOqW4GoMQ==}
    engines: {node: ^12.20.0 || ^14.13.1 || >=16.0.0}
    dev: false

  /readjson/2.2.2:
    resolution: {integrity: sha512-PdeC9tsmLWBiL8vMhJvocq+OezQ3HhsH2HrN7YkhfYcTjQSa/iraB15A7Qvt7Xpr0Yd2rDNt6GbFwVQDg3HcAw==}
    engines: {node: '>=10'}
    dependencies:
      jju: 1.4.0
      try-catch: 3.0.0
    dev: false

  /relateurl/0.2.7:
    resolution: {integrity: sha1-VNvzd+UUQKypCkzSdGANP/LYiKk=}
    engines: {node: '>= 0.10'}
    dev: false

  /simport/1.2.0:
    resolution: {integrity: sha512-85Bm7pKsqiiQ8rmYCaPDdlXZjJvuW6/k/FY8MTtLFMgU7f8S00CgTHfRtWB6KwSb6ek4p9YyG2enG1+yJbl+CA==}
    engines: {node: '>=12.2'}
    dependencies:
      readjson: 2.2.2
      try-to-catch: 3.0.0
    dev: false

  /source-map-support/0.5.21:
    resolution: {integrity: sha512-uBHU3L3czsIyYXKX88fdrGovxdSCoTGDRZ6SYXtSRxLZUzHg5P/66Ht6uoUlHu9EZod+inXhKo3qQgwXUT/y1w==}
    dependencies:
      buffer-from: 1.1.2
      source-map: 0.6.1
    dev: false

  /source-map/0.6.1:
    resolution: {integrity: sha512-UjgapumWlbMhkBgzT7Ykc5YXUT46F0iKu8SGXq0bcwP5dz/h0Plj6enJqjz1Zbq2l5WaqYnrVbwWOWMyF3F47g==}
    engines: {node: '>=0.10.0'}
    dev: false

  /source-map/0.7.3:
    resolution: {integrity: sha512-CkCj6giN3S+n9qrYiBTX5gystlENnRW5jZeNLHpe6aue+SrHcG5VYwujhW9s4dY31mEGsxBDrHR6oI69fTXsaQ==}
    engines: {node: '>= 8'}
    dev: false

  /terser/5.10.0:
    resolution: {integrity: sha512-AMmF99DMfEDiRJfxfY5jj5wNH/bYO09cniSqhfoyxc8sFoYIgkJy86G04UoZU5VjlpnplVu0K6Tx6E9b5+DlHA==}
    engines: {node: '>=10'}
    hasBin: true
    peerDependencies:
      acorn: ^8.5.0
    peerDependenciesMeta:
      acorn:
        optional: true
    dependencies:
      commander: 2.20.3
      source-map: 0.7.3
      source-map-support: 0.5.21
    dev: false

  /try-catch/3.0.0:
    resolution: {integrity: sha512-3uAqUnoemzca1ENvZ72EVimR+E8lqBbzwZ9v4CEbLjkaV3Q+FtdmPUt7jRtoSoTiYjyIMxEkf6YgUpe/voJ1ng==}
    engines: {node: '>=6'}
    dev: false

  /try-to-catch/3.0.0:
    resolution: {integrity: sha512-eIm6ZXwR35jVF8By/HdbbkcaCDTBI5PpCPkejRKrYp0jyf/DbCCcRhHD7/O9jtFI3ewsqo9WctFEiJTS6i+CQA==}
    engines: {node: '>=6'}
    dev: false

  /tslib/2.3.1:
    resolution: {integrity: sha512-77EbyPPpMz+FRFRuAFlWMtmgUWGe9UOG2Z25NqCwiIjRhOf5iKGuzSe5P2w1laq+FkRy4p+PCuVkJSGkzTEKVw==}
    dev: false

  /yocto-queue/1.0.0:
    resolution: {integrity: sha512-9bnSc/HEW2uRy67wc+T8UwauLuPJVn28jb+GtJY16iiKWyvmYJRXVT4UamsAEGQfPohgr2q4Tq0sQbQlxTfi1g==}
    engines: {node: '>=12.20'}
    dev: false
